
Microsoft Visual Studio Solution File, Format Version 12.00
# Visual Studio Version 17
VisualStudioVersion = 17.13.35806.99
MinimumVisualStudioVersion = 10.0.40219.1
Project("{2150E333-8FDC-42A3-9474-1A3956D46DE8}") = "Source", "Source", "{02EA681E-C7D8-13C7-8484-4AC65E1B71E8}"
EndProject
Project("{2150E333-8FDC-42A3-9474-1A3956D46DE8}") = "App", "App", "{DCAE458F-B93D-44B5-A827-3FE1B0C1DEEE}"
EndProject
Project("{2150E333-8FDC-42A3-9474-1A3956D46DE8}") = "Deployments", "Deployments", "{C2894B9B-D97E-4608-8975-6E247C0B6E1C}"
EndProject
Project("{2150E333-8FDC-42A3-9474-1A3956D46DE8}") = "Tests", "Tests", "{45E77520-1F4B-4C1F-8D2C-EF5919DAA6ED}"
EndProject
Project("{FAE04EC0-301F-11D3-BF4B-00C04F79EFBC}") = "Blazor.Antimony", "..\Libraries\Blazor.Antimony\Blazor.Antimony.csproj", "{69EEC795-FE21-2904-F16A-4FB579333C58}"
EndProject
Project("{FAE04EC0-301F-11D3-BF4B-00C04F79EFBC}") = "Blazr.Antimony.EntityFramework", "..\Libraries\Blazr.Antimony.EntityFramework\Blazr.Antimony.EntityFramework.csproj", "{A0F51AB8-A8AF-719C-3F30-49EB6128A4AD}"
EndProject
Project("{FAE04EC0-301F-11D3-BF4B-00C04F79EFBC}") = "Blazr.EditStateTracker", "..\Libraries\Blazr.EditStateTracker\Blazr.EditStateTracker.csproj", "{11DE6AF7-59D1-A739-B366-85BB13DE4601}"
EndProject
Project("{FAE04EC0-301F-11D3-BF4B-00C04F79EFBC}") = "Blazr.FluentValidation", "..\Libraries\Blazr.FluentValidation\Blazr.FluentValidation.csproj", "{5F355138-483C-BB27-2C33-E38D7CED40DA}"
EndProject
Project("{FAE04EC0-301F-11D3-BF4B-00C04F79EFBC}") = "Blazr.Gallium", "..\Libraries\Blazr.Gallium\Blazr.Gallium.csproj", "{9A408DE5-93BE-05AF-8161-DE4026870DE6}"
EndProject
Project("{FAE04EC0-301F-11D3-BF4B-00C04F79EFBC}") = "Blazr.UI", "..\Libraries\Blazr.UI\Blazr.UI.csproj", "{F2F64975-AA45-7DE7-8FC5-ED5221B077D1}"
EndProject
Project("{FAE04EC0-301F-11D3-BF4B-00C04F79EFBC}") = "Blazr.App", "..\Libraries\Blazr.App\Blazr.App.csproj", "{589042BE-D59C-74F3-F6D5-0B342E777BC6}"
EndProject
Project("{2150E333-8FDC-42A3-9474-1A3956D46DE8}") = "Libraries", "Libraries", "{CED99341-1396-4AD8-9DA0-8BC30841E69A}"
EndProject
Project("{FAE04EC0-301F-11D3-BF4B-00C04F79EFBC}") = "Blazr.App.Invoice", "App\Blazr.App.Invoice\Blazr.App.Invoice.csproj", "{8C4CF6A4-45E3-9795-5E6A-0BF5D174C0E9}"
EndProject
Project("{FAE04EC0-301F-11D3-BF4B-00C04F79EFBC}") = "Blazr.App.Server", "Deployments\Blazr.App.Server\Blazr.App.Server.csproj", "{CAD145C8-03C5-B69A-E9A2-C822B3C7735D}"
EndProject
Project("{FAE04EC0-301F-11D3-BF4B-00C04F79EFBC}") = "Blazr.Antimony.Tests", "Tests\Blazr.Antimony.Tests\Blazr.Antimony.Tests.csproj", "{C5A3006A-BB98-4779-A0B9-1A3C6ED898F5}"
EndProject
Project("{2150E333-8FDC-42A3-9474-1A3956D46DE8}") = "Docs", "Docs", "{E17EC7AD-694C-4ABE-A723-E52E11F24EC2}"
	ProjectSection(SolutionItems) = preProject
		..\..\Documents\Aggregates.md = ..\..\Documents\Aggregates.md
		..\..\Documents\App-Design.md = ..\..\Documents\App-Design.md
		..\..\Documents\Entities.md = ..\..\Documents\Entities.md
		..\..\Documents\Introduction-To-Antimony.md = ..\..\Documents\Introduction-To-Antimony.md
		..\..\Documents\MVB.md = ..\..\Documents\MVB.md
		..\..\Documents\Vertical-Slice-Architecture.md = ..\..\Documents\Vertical-Slice-Architecture.md
	EndProjectSection
EndProject
Project("{2150E333-8FDC-42A3-9474-1A3956D46DE8}") = "Data-Pipeline", "Data-Pipeline", "{5F4C6E39-C064-4389-9E11-4E21F4781F59}"
	ProjectSection(SolutionItems) = preProject
		..\..\Documents\Data-Pipeline\Commands.md = ..\..\Documents\Data-Pipeline\Commands.md
		..\..\Documents\Data-Pipeline\Data-Objects.md = ..\..\Documents\Data-Pipeline\Data-Objects.md
		..\..\Documents\Data-Pipeline\Data-Pipeline.md = ..\..\Documents\Data-Pipeline\Data-Pipeline.md
		..\..\Documents\Data-Pipeline\List-Requests.md = ..\..\Documents\Data-Pipeline\List-Requests.md
		..\..\Documents\Data-Pipeline\Record-Requests.md = ..\..\Documents\Data-Pipeline\Record-Requests.md
		..\..\Documents\Data-Pipeline\Results.md = ..\..\Documents\Data-Pipeline\Results.md
	EndProjectSection
EndProject
Global
	GlobalSection(SolutionConfigurationPlatforms) = preSolution
		Debug|Any CPU = Debug|Any CPU
		Release|Any CPU = Release|Any CPU
	EndGlobalSection
	GlobalSection(ProjectConfigurationPlatforms) = postSolution
		{69EEC795-FE21-2904-F16A-4FB579333C58}.Debug|Any CPU.ActiveCfg = Debug|Any CPU
		{69EEC795-FE21-2904-F16A-4FB579333C58}.Debug|Any CPU.Build.0 = Debug|Any CPU
		{69EEC795-FE21-2904-F16A-4FB579333C58}.Release|Any CPU.ActiveCfg = Release|Any CPU
		{69EEC795-FE21-2904-F16A-4FB579333C58}.Release|Any CPU.Build.0 = Release|Any CPU
		{A0F51AB8-A8AF-719C-3F30-49EB6128A4AD}.Debug|Any CPU.ActiveCfg = Debug|Any CPU
		{A0F51AB8-A8AF-719C-3F30-49EB6128A4AD}.Debug|Any CPU.Build.0 = Debug|Any CPU
		{A0F51AB8-A8AF-719C-3F30-49EB6128A4AD}.Release|Any CPU.ActiveCfg = Release|Any CPU
		{A0F51AB8-A8AF-719C-3F30-49EB6128A4AD}.Release|Any CPU.Build.0 = Release|Any CPU
		{11DE6AF7-59D1-A739-B366-85BB13DE4601}.Debug|Any CPU.ActiveCfg = Debug|Any CPU
		{11DE6AF7-59D1-A739-B366-85BB13DE4601}.Debug|Any CPU.Build.0 = Debug|Any CPU
		{11DE6AF7-59D1-A739-B366-85BB13DE4601}.Release|Any CPU.ActiveCfg = Release|Any CPU
		{11DE6AF7-59D1-A739-B366-85BB13DE4601}.Release|Any CPU.Build.0 = Release|Any CPU
		{5F355138-483C-BB27-2C33-E38D7CED40DA}.Debug|Any CPU.ActiveCfg = Debug|Any CPU
		{5F355138-483C-BB27-2C33-E38D7CED40DA}.Debug|Any CPU.Build.0 = Debug|Any CPU
		{5F355138-483C-BB27-2C33-E38D7CED40DA}.Release|Any CPU.ActiveCfg = Release|Any CPU
		{5F355138-483C-BB27-2C33-E38D7CED40DA}.Release|Any CPU.Build.0 = Release|Any CPU
		{9A408DE5-93BE-05AF-8161-DE4026870DE6}.Debug|Any CPU.ActiveCfg = Debug|Any CPU
		{9A408DE5-93BE-05AF-8161-DE4026870DE6}.Debug|Any CPU.Build.0 = Debug|Any CPU
		{9A408DE5-93BE-05AF-8161-DE4026870DE6}.Release|Any CPU.ActiveCfg = Release|Any CPU
		{9A408DE5-93BE-05AF-8161-DE4026870DE6}.Release|Any CPU.Build.0 = Release|Any CPU
		{F2F64975-AA45-7DE7-8FC5-ED5221B077D1}.Debug|Any CPU.ActiveCfg = Debug|Any CPU
		{F2F64975-AA45-7DE7-8FC5-ED5221B077D1}.Debug|Any CPU.Build.0 = Debug|Any CPU
		{F2F64975-AA45-7DE7-8FC5-ED5221B077D1}.Release|Any CPU.ActiveCfg = Release|Any CPU
		{F2F64975-AA45-7DE7-8FC5-ED5221B077D1}.Release|Any CPU.Build.0 = Release|Any CPU
		{589042BE-D59C-74F3-F6D5-0B342E777BC6}.Debug|Any CPU.ActiveCfg = Debug|Any CPU
		{589042BE-D59C-74F3-F6D5-0B342E777BC6}.Debug|Any CPU.Build.0 = Debug|Any CPU
		{589042BE-D59C-74F3-F6D5-0B342E777BC6}.Release|Any CPU.ActiveCfg = Release|Any CPU
		{589042BE-D59C-74F3-F6D5-0B342E777BC6}.Release|Any CPU.Build.0 = Release|Any CPU
		{8C4CF6A4-45E3-9795-5E6A-0BF5D174C0E9}.Debug|Any CPU.ActiveCfg = Debug|Any CPU
		{8C4CF6A4-45E3-9795-5E6A-0BF5D174C0E9}.Debug|Any CPU.Build.0 = Debug|Any CPU
		{8C4CF6A4-45E3-9795-5E6A-0BF5D174C0E9}.Release|Any CPU.ActiveCfg = Release|Any CPU
		{8C4CF6A4-45E3-9795-5E6A-0BF5D174C0E9}.Release|Any CPU.Build.0 = Release|Any CPU
		{CAD145C8-03C5-B69A-E9A2-C822B3C7735D}.Debug|Any CPU.ActiveCfg = Debug|Any CPU
		{CAD145C8-03C5-B69A-E9A2-C822B3C7735D}.Debug|Any CPU.Build.0 = Debug|Any CPU
		{CAD145C8-03C5-B69A-E9A2-C822B3C7735D}.Release|Any CPU.ActiveCfg = Release|Any CPU
		{CAD145C8-03C5-B69A-E9A2-C822B3C7735D}.Release|Any CPU.Build.0 = Release|Any CPU
		{C5A3006A-BB98-4779-A0B9-1A3C6ED898F5}.Debug|Any CPU.ActiveCfg = Debug|Any CPU
		{C5A3006A-BB98-4779-A0B9-1A3C6ED898F5}.Debug|Any CPU.Build.0 = Debug|Any CPU
		{C5A3006A-BB98-4779-A0B9-1A3C6ED898F5}.Release|Any CPU.ActiveCfg = Release|Any CPU
		{C5A3006A-BB98-4779-A0B9-1A3C6ED898F5}.Release|Any CPU.Build.0 = Release|Any CPU
	EndGlobalSection
	GlobalSection(SolutionProperties) = preSolution
		HideSolutionNode = FALSE
	EndGlobalSection
	GlobalSection(NestedProjects) = preSolution
		{69EEC795-FE21-2904-F16A-4FB579333C58} = {CED99341-1396-4AD8-9DA0-8BC30841E69A}
		{A0F51AB8-A8AF-719C-3F30-49EB6128A4AD} = {CED99341-1396-4AD8-9DA0-8BC30841E69A}
		{11DE6AF7-59D1-A739-B366-85BB13DE4601} = {CED99341-1396-4AD8-9DA0-8BC30841E69A}
		{5F355138-483C-BB27-2C33-E38D7CED40DA} = {CED99341-1396-4AD8-9DA0-8BC30841E69A}
		{9A408DE5-93BE-05AF-8161-DE4026870DE6} = {CED99341-1396-4AD8-9DA0-8BC30841E69A}
		{F2F64975-AA45-7DE7-8FC5-ED5221B077D1} = {CED99341-1396-4AD8-9DA0-8BC30841E69A}
		{589042BE-D59C-74F3-F6D5-0B342E777BC6} = {CED99341-1396-4AD8-9DA0-8BC30841E69A}
		{8C4CF6A4-45E3-9795-5E6A-0BF5D174C0E9} = {DCAE458F-B93D-44B5-A827-3FE1B0C1DEEE}
		{CAD145C8-03C5-B69A-E9A2-C822B3C7735D} = {C2894B9B-D97E-4608-8975-6E247C0B6E1C}
		{C5A3006A-BB98-4779-A0B9-1A3C6ED898F5} = {45E77520-1F4B-4C1F-8D2C-EF5919DAA6ED}
		{5F4C6E39-C064-4389-9E11-4E21F4781F59} = {E17EC7AD-694C-4ABE-A723-E52E11F24EC2}
	EndGlobalSection
	GlobalSection(ExtensibilityGlobals) = postSolution
		SolutionGuid = {D9BEAA4B-7285-4AA7-9BA7-B468002AF448}
	EndGlobalSection
EndGlobal
