
Microsoft Visual Studio Solution File, Format Version 12.00
# Visual Studio Version 17
VisualStudioVersion = 17.12.35707.178
MinimumVisualStudioVersion = 10.0.40219.1
Project("{2150E333-8FDC-42A3-9474-1A3956D46DE8}") = "Libraries", "Libraries", "{B0C6C72D-97AA-49B3-8392-611DD7BB8133}"
EndProject
Project("{2150E333-8FDC-42A3-9474-1A3956D46DE8}") = "App", "App", "{A0770D77-E3E3-4521-8438-9DCBBC707787}"
EndProject
Project("{FAE04EC0-301F-11D3-BF4B-00C04F79EFBC}") = "Blazor.Antimony", "Source\Libraries\Blazor.Antimony\Blazor.Antimony.csproj", "{B6405563-C115-4C25-8CBA-7EC9C3B8AC95}"
EndProject
Project("{FAE04EC0-301F-11D3-BF4B-00C04F79EFBC}") = "Blazr.Antimony.Server", "Source\Libraries\Blazr.Antimony.Server\Blazr.Antimony.Server.csproj", "{7AFBAA20-1984-408D-84A2-20C8E9F31564}"
EndProject
Project("{FAE04EC0-301F-11D3-BF4B-00C04F79EFBC}") = "Blazr.EditStateTracker", "Source\Libraries\Blazr.EditStateTracker\Blazr.EditStateTracker.csproj", "{767C1834-657B-47C8-92A1-646EE5EB693F}"
EndProject
Project("{FAE04EC0-301F-11D3-BF4B-00C04F79EFBC}") = "Blazr.FluentValidation", "Source\Libraries\Blazr.FluentValidation\Blazr.FluentValidation.csproj", "{54BF9491-D434-49BF-81AF-8621C8D6610D}"
EndProject
Project("{FAE04EC0-301F-11D3-BF4B-00C04F79EFBC}") = "Blazr.Gallium", "Source\Libraries\Blazr.Gallium\Blazr.Gallium.csproj", "{5EF98895-3A19-428C-B91F-7EAF2FCD49F4}"
EndProject
Project("{FAE04EC0-301F-11D3-BF4B-00C04F79EFBC}") = "Blazr.UI", "Source\Libraries\Blazr.UI\Blazr.UI.csproj", "{AC51BBA3-4182-4F47-81D2-045299CC5819}"
EndProject
Project("{FAE04EC0-301F-11D3-BF4B-00C04F79EFBC}") = "Blazr.App", "Source\App\Blazr.App\Blazr.App.csproj", "{8EC81A0B-AF9A-0692-CFEF-564CB2C7C380}"
EndProject
Project("{FAE04EC0-301F-11D3-BF4B-00C04F79EFBC}") = "Blazr.App.Server", "Source\App\Blazr.App.Server\Blazr.App.Server.csproj", "{258B3F80-0F70-3630-4E66-B4BD4407CEB6}"
EndProject
Project("{2150E333-8FDC-42A3-9474-1A3956D46DE8}") = "Docs", "Docs", "{02EA681E-C7D8-13C7-8484-4AC65E1B71E8}"
	ProjectSection(SolutionItems) = preProject
		Documents\Aggregates.md = Documents\Aggregates.md
		Documents\Vertical-Slice-Architecture.md = Documents\Vertical-Slice-Architecture.md
	EndProjectSection
EndProject
Project("{2150E333-8FDC-42A3-9474-1A3956D46DE8}") = "Data Pipeline", "Data Pipeline", "{021A123C-5242-4A26-A499-1A867B2A243F}"
	ProjectSection(SolutionItems) = preProject
		Documents\Data-Pipeline\Commands.md = Documents\Data-Pipeline\Commands.md
		Documents\Data-Pipeline\Data-Objects.md = Documents\Data-Pipeline\Data-Objects.md
		Documents\Data-Pipeline\Data-Pipeline.md = Documents\Data-Pipeline\Data-Pipeline.md
		Documents\Data-Pipeline\List-Requests.md = Documents\Data-Pipeline\List-Requests.md
		Documents\Data-Pipeline\Record-Requests.md = Documents\Data-Pipeline\Record-Requests.md
		Documents\Data-Pipeline\Results.md = Documents\Data-Pipeline\Results.md
	EndProjectSection
EndProject
Project("{FAE04EC0-301F-11D3-BF4B-00C04F79EFBC}") = "Blazr.App.Weather", "Source\App\Blazr.App.Weather\Blazr.App.Weather.csproj", "{690A6BB6-C06E-4098-9913-09DB9CEF7553}"
EndProject
Project("{FAE04EC0-301F-11D3-BF4B-00C04F79EFBC}") = "Blazr.App.Invoice", "Source\App\Blazr.App.Invoice\Blazr.App.Invoice.csproj", "{47A9AF2D-159D-4A5C-A047-F4BCE35FCF99}"
EndProject
Global
	GlobalSection(SolutionConfigurationPlatforms) = preSolution
		Debug|Any CPU = Debug|Any CPU
		Release|Any CPU = Release|Any CPU
	EndGlobalSection
	GlobalSection(ProjectConfigurationPlatforms) = postSolution
		{B6405563-C115-4C25-8CBA-7EC9C3B8AC95}.Debug|Any CPU.ActiveCfg = Debug|Any CPU
		{B6405563-C115-4C25-8CBA-7EC9C3B8AC95}.Debug|Any CPU.Build.0 = Debug|Any CPU
		{B6405563-C115-4C25-8CBA-7EC9C3B8AC95}.Release|Any CPU.ActiveCfg = Release|Any CPU
		{B6405563-C115-4C25-8CBA-7EC9C3B8AC95}.Release|Any CPU.Build.0 = Release|Any CPU
		{7AFBAA20-1984-408D-84A2-20C8E9F31564}.Debug|Any CPU.ActiveCfg = Debug|Any CPU
		{7AFBAA20-1984-408D-84A2-20C8E9F31564}.Debug|Any CPU.Build.0 = Debug|Any CPU
		{7AFBAA20-1984-408D-84A2-20C8E9F31564}.Release|Any CPU.ActiveCfg = Release|Any CPU
		{7AFBAA20-1984-408D-84A2-20C8E9F31564}.Release|Any CPU.Build.0 = Release|Any CPU
		{767C1834-657B-47C8-92A1-646EE5EB693F}.Debug|Any CPU.ActiveCfg = Debug|Any CPU
		{767C1834-657B-47C8-92A1-646EE5EB693F}.Debug|Any CPU.Build.0 = Debug|Any CPU
		{767C1834-657B-47C8-92A1-646EE5EB693F}.Release|Any CPU.ActiveCfg = Release|Any CPU
		{767C1834-657B-47C8-92A1-646EE5EB693F}.Release|Any CPU.Build.0 = Release|Any CPU
		{54BF9491-D434-49BF-81AF-8621C8D6610D}.Debug|Any CPU.ActiveCfg = Debug|Any CPU
		{54BF9491-D434-49BF-81AF-8621C8D6610D}.Debug|Any CPU.Build.0 = Debug|Any CPU
		{54BF9491-D434-49BF-81AF-8621C8D6610D}.Release|Any CPU.ActiveCfg = Release|Any CPU
		{54BF9491-D434-49BF-81AF-8621C8D6610D}.Release|Any CPU.Build.0 = Release|Any CPU
		{5EF98895-3A19-428C-B91F-7EAF2FCD49F4}.Debug|Any CPU.ActiveCfg = Debug|Any CPU
		{5EF98895-3A19-428C-B91F-7EAF2FCD49F4}.Debug|Any CPU.Build.0 = Debug|Any CPU
		{5EF98895-3A19-428C-B91F-7EAF2FCD49F4}.Release|Any CPU.ActiveCfg = Release|Any CPU
		{5EF98895-3A19-428C-B91F-7EAF2FCD49F4}.Release|Any CPU.Build.0 = Release|Any CPU
		{AC51BBA3-4182-4F47-81D2-045299CC5819}.Debug|Any CPU.ActiveCfg = Debug|Any CPU
		{AC51BBA3-4182-4F47-81D2-045299CC5819}.Debug|Any CPU.Build.0 = Debug|Any CPU
		{AC51BBA3-4182-4F47-81D2-045299CC5819}.Release|Any CPU.ActiveCfg = Release|Any CPU
		{AC51BBA3-4182-4F47-81D2-045299CC5819}.Release|Any CPU.Build.0 = Release|Any CPU
		{8EC81A0B-AF9A-0692-CFEF-564CB2C7C380}.Debug|Any CPU.ActiveCfg = Debug|Any CPU
		{8EC81A0B-AF9A-0692-CFEF-564CB2C7C380}.Debug|Any CPU.Build.0 = Debug|Any CPU
		{8EC81A0B-AF9A-0692-CFEF-564CB2C7C380}.Release|Any CPU.ActiveCfg = Release|Any CPU
		{8EC81A0B-AF9A-0692-CFEF-564CB2C7C380}.Release|Any CPU.Build.0 = Release|Any CPU
		{258B3F80-0F70-3630-4E66-B4BD4407CEB6}.Debug|Any CPU.ActiveCfg = Debug|Any CPU
		{258B3F80-0F70-3630-4E66-B4BD4407CEB6}.Debug|Any CPU.Build.0 = Debug|Any CPU
		{258B3F80-0F70-3630-4E66-B4BD4407CEB6}.Release|Any CPU.ActiveCfg = Release|Any CPU
		{258B3F80-0F70-3630-4E66-B4BD4407CEB6}.Release|Any CPU.Build.0 = Release|Any CPU
		{690A6BB6-C06E-4098-9913-09DB9CEF7553}.Debug|Any CPU.ActiveCfg = Debug|Any CPU
		{690A6BB6-C06E-4098-9913-09DB9CEF7553}.Debug|Any CPU.Build.0 = Debug|Any CPU
		{690A6BB6-C06E-4098-9913-09DB9CEF7553}.Release|Any CPU.ActiveCfg = Release|Any CPU
		{690A6BB6-C06E-4098-9913-09DB9CEF7553}.Release|Any CPU.Build.0 = Release|Any CPU
		{47A9AF2D-159D-4A5C-A047-F4BCE35FCF99}.Debug|Any CPU.ActiveCfg = Debug|Any CPU
		{47A9AF2D-159D-4A5C-A047-F4BCE35FCF99}.Debug|Any CPU.Build.0 = Debug|Any CPU
		{47A9AF2D-159D-4A5C-A047-F4BCE35FCF99}.Release|Any CPU.ActiveCfg = Release|Any CPU
		{47A9AF2D-159D-4A5C-A047-F4BCE35FCF99}.Release|Any CPU.Build.0 = Release|Any CPU
	EndGlobalSection
	GlobalSection(SolutionProperties) = preSolution
		HideSolutionNode = FALSE
	EndGlobalSection
	GlobalSection(NestedProjects) = preSolution
		{B6405563-C115-4C25-8CBA-7EC9C3B8AC95} = {B0C6C72D-97AA-49B3-8392-611DD7BB8133}
		{7AFBAA20-1984-408D-84A2-20C8E9F31564} = {B0C6C72D-97AA-49B3-8392-611DD7BB8133}
		{767C1834-657B-47C8-92A1-646EE5EB693F} = {B0C6C72D-97AA-49B3-8392-611DD7BB8133}
		{54BF9491-D434-49BF-81AF-8621C8D6610D} = {B0C6C72D-97AA-49B3-8392-611DD7BB8133}
		{5EF98895-3A19-428C-B91F-7EAF2FCD49F4} = {B0C6C72D-97AA-49B3-8392-611DD7BB8133}
		{AC51BBA3-4182-4F47-81D2-045299CC5819} = {B0C6C72D-97AA-49B3-8392-611DD7BB8133}
		{8EC81A0B-AF9A-0692-CFEF-564CB2C7C380} = {A0770D77-E3E3-4521-8438-9DCBBC707787}
		{258B3F80-0F70-3630-4E66-B4BD4407CEB6} = {A0770D77-E3E3-4521-8438-9DCBBC707787}
		{021A123C-5242-4A26-A499-1A867B2A243F} = {02EA681E-C7D8-13C7-8484-4AC65E1B71E8}
		{690A6BB6-C06E-4098-9913-09DB9CEF7553} = {A0770D77-E3E3-4521-8438-9DCBBC707787}
		{47A9AF2D-159D-4A5C-A047-F4BCE35FCF99} = {A0770D77-E3E3-4521-8438-9DCBBC707787}
	EndGlobalSection
	GlobalSection(ExtensibilityGlobals) = postSolution
		SolutionGuid = {2F315C1D-A801-428C-93C3-CD98FD416A00}
	EndGlobalSection
EndGlobal
