
Microsoft Visual Studio Solution File, Format Version 12.00
# Visual Studio Version 17
VisualStudioVersion = 17.12.35707.178
MinimumVisualStudioVersion = 10.0.40219.1
Project("{2150E333-8FDC-42A3-9474-1A3956D46DE8}") = "Libraries", "Libraries", "{B0C6C72D-97AA-49B3-8392-611DD7BB8133}"
EndProject
Project("{2150E333-8FDC-42A3-9474-1A3956D46DE8}") = "App", "App", "{A0770D77-E3E3-4521-8438-9DCBBC707787}"
EndProject
Project("{FAE04EC0-301F-11D3-BF4B-00C04F79EFBC}") = "Blazor.Antimony", "Source\Libraries\Blazor.Antimony\Blazor.Antimony.csproj", "{B6405563-C115-4C25-8CBA-7EC9C3B8AC95}"
EndProject
Project("{FAE04EC0-301F-11D3-BF4B-00C04F79EFBC}") = "Blazr.EditStateTracker", "Source\Libraries\Blazr.EditStateTracker\Blazr.EditStateTracker.csproj", "{767C1834-657B-47C8-92A1-646EE5EB693F}"
EndProject
Project("{FAE04EC0-301F-11D3-BF4B-00C04F79EFBC}") = "Blazr.FluentValidation", "Source\Libraries\Blazr.FluentValidation\Blazr.FluentValidation.csproj", "{54BF9491-D434-49BF-81AF-8621C8D6610D}"
EndProject
Project("{FAE04EC0-301F-11D3-BF4B-00C04F79EFBC}") = "Blazr.Gallium", "Source\Libraries\Blazr.Gallium\Blazr.Gallium.csproj", "{5EF98895-3A19-428C-B91F-7EAF2FCD49F4}"
EndProject
Project("{FAE04EC0-301F-11D3-BF4B-00C04F79EFBC}") = "Blazr.UI", "Source\Libraries\Blazr.UI\Blazr.UI.csproj", "{AC51BBA3-4182-4F47-81D2-045299CC5819}"
EndProject
Project("{FAE04EC0-301F-11D3-BF4B-00C04F79EFBC}") = "Blazr.App", "Source\App\Blazr.App\Blazr.App.csproj", "{8EC81A0B-AF9A-0692-CFEF-564CB2C7C380}"
EndProject
Project("{FAE04EC0-301F-11D3-BF4B-00C04F79EFBC}") = "Blazr.App.Server", "Source\App\Blazr.App.Server\Blazr.App.Server.csproj", "{258B3F80-0F70-3630-4E66-B4BD4407CEB6}"
EndProject
Project("{2150E333-8FDC-42A3-9474-1A3956D46DE8}") = "Docs", "Docs", "{02EA681E-C7D8-13C7-8484-4AC65E1B71E8}"
	ProjectSection(SolutionItems) = preProject
		Documents\Aggregates.md = Documents\Aggregates.md
		Documents\App-Design.md = Documents\App-Design.md
		Documents\Introduction.md = Documents\Introduction.md
		Documents\MVB.md = Documents\MVB.md
		Documents\Vertical-Slice-Architecture.md = Documents\Vertical-Slice-Architecture.md
	EndProjectSection
EndProject
Project("{2150E333-8FDC-42A3-9474-1A3956D46DE8}") = "Data Pipeline", "Data Pipeline", "{021A123C-5242-4A26-A499-1A867B2A243F}"
	ProjectSection(SolutionItems) = preProject
		Documents\Data-Pipeline\Commands.md = Documents\Data-Pipeline\Commands.md
		Documents\Data-Pipeline\Data-Objects.md = Documents\Data-Pipeline\Data-Objects.md
		Documents\Data-Pipeline\Data-Pipeline.md = Documents\Data-Pipeline\Data-Pipeline.md
		Documents\Data-Pipeline\List-Requests.md = Documents\Data-Pipeline\List-Requests.md
		Documents\Data-Pipeline\Record-Requests.md = Documents\Data-Pipeline\Record-Requests.md
		Documents\Data-Pipeline\Results.md = Documents\Data-Pipeline\Results.md
	EndProjectSection
EndProject
Project("{FAE04EC0-301F-11D3-BF4B-00C04F79EFBC}") = "Blazr.App.Weather", "Source\App\Blazr.App.Weather\Blazr.App.Weather.csproj", "{690A6BB6-C06E-4098-9913-09DB9CEF7553}"
EndProject
Project("{FAE04EC0-301F-11D3-BF4B-00C04F79EFBC}") = "Blazr.App.Invoice", "Source\App\Blazr.App.Invoice\Blazr.App.Invoice.csproj", "{47A9AF2D-159D-4A5C-A047-F4BCE35FCF99}"
EndProject
Project("{FAE04EC0-301F-11D3-BF4B-00C04F79EFBC}") = "Blazr.Auth", "Source\App\Blazr.Auth\Blazr.Auth.csproj", "{F14BF994-BBC1-4391-83E9-CFA37C6FBCE1}"
EndProject
Project("{FAE04EC0-301F-11D3-BF4B-00C04F79EFBC}") = "Blazr.App.Shared", "Source\App\Blazr.App.Shared\Blazr.App.Shared.csproj", "{9CB233A6-A313-4D18-8295-33805C346EB3}"
EndProject
Project("{FAE04EC0-301F-11D3-BF4B-00C04F79EFBC}") = "Blazr.Antimony.EntityFramework", "Source\Libraries\Blazr.Antimony.EntityFramework\Blazr.Antimony.EntityFramework.csproj", "{AE9C314D-BD34-4399-453D-99540BF397F3}"
EndProject
Project("{FAE04EC0-301F-11D3-BF4B-00C04F79EFBC}") = "Blazr.App.Weather.EntityFramework", "Source\App\Blazr.App.Weather.EntityFramework\Blazr.App.Weather.EntityFramework.csproj", "{2BA1A997-3B8F-46BE-882B-5A4829EED3E6}"
EndProject
Project("{FAE04EC0-301F-11D3-BF4B-00C04F79EFBC}") = "Blazr.App.Weather.API", "Source\App\Blazr.App.Weather.API\Blazr.App.Weather.API.csproj", "{221233EB-17E3-4886-A8FB-9954DBD5C250}"
EndProject
Project("{2150E333-8FDC-42A3-9474-1A3956D46DE8}") = "Deployments", "Deployments", "{F793F8FF-3812-4FEA-BA2C-8BF2D2D112C3}"
EndProject
Project("{FAE04EC0-301F-11D3-BF4B-00C04F79EFBC}") = "Blazr.App.WASM.Server", "Source\Deployments\Blazr.App.WASM.Server\Blazr.App.WASM.Server\Blazr.App.WASM.Server.csproj", "{17BEE125-54D3-416F-8279-1E811349C177}"
EndProject
Project("{FAE04EC0-301F-11D3-BF4B-00C04F79EFBC}") = "Blazr.App.WASM.Server.Client", "Source\Deployments\Blazr.App.WASM.Server\Blazr.App.WASM.Server.Client\Blazr.App.WASM.Server.Client.csproj", "{16B8DC45-A397-44FB-A821-F523B4E983FC}"
EndProject
Project("{FAE04EC0-301F-11D3-BF4B-00C04F79EFBC}") = "Blazr.VSA.AppHost", "Source\Aspire\Blazr.VSA.AppHost\Blazr.VSA.AppHost.csproj", "{0B61219D-DE9C-44C4-8FF9-4E9644D2B5AC}"
EndProject
Project("{FAE04EC0-301F-11D3-BF4B-00C04F79EFBC}") = "Blazr.VSA.ServiceDefaults", "Source\Aspire\Blazr.VSA.ServiceDefaults\Blazr.VSA.ServiceDefaults.csproj", "{263B9585-B59E-2541-309D-CAAC41EAE71E}"
EndProject
Project("{2150E333-8FDC-42A3-9474-1A3956D46DE8}") = "Aspire", "Aspire", "{5AC43109-C4CD-4426-B7C2-87D153DD2F7E}"
EndProject
Project("{FAE04EC0-301F-11D3-BF4B-00C04F79EFBC}") = "Blazr.App.WeatherForecast", "Source\App\Blazr.App.WeatherForecast\Blazr.App.WeatherForecast.csproj", "{341BD225-2E3E-9610-E4F1-E24D1CB7451D}"
EndProject
Project("{FAE04EC0-301F-11D3-BF4B-00C04F79EFBC}") = "Blazr.App.WeatherForecast.EntityFramework", "Source\App\Blazr.App.WeatherForecast.EntityFramework\Blazr.App.WeatherForecast.EntityFramework.csproj", "{D8A4A9C7-38C5-4A05-83F7-DF88D682DDA7}"
EndProject
Global
	GlobalSection(SolutionConfigurationPlatforms) = preSolution
		Debug|Any CPU = Debug|Any CPU
		Release|Any CPU = Release|Any CPU
	EndGlobalSection
	GlobalSection(ProjectConfigurationPlatforms) = postSolution
		{B6405563-C115-4C25-8CBA-7EC9C3B8AC95}.Debug|Any CPU.ActiveCfg = Debug|Any CPU
		{B6405563-C115-4C25-8CBA-7EC9C3B8AC95}.Debug|Any CPU.Build.0 = Debug|Any CPU
		{B6405563-C115-4C25-8CBA-7EC9C3B8AC95}.Release|Any CPU.ActiveCfg = Release|Any CPU
		{B6405563-C115-4C25-8CBA-7EC9C3B8AC95}.Release|Any CPU.Build.0 = Release|Any CPU
		{767C1834-657B-47C8-92A1-646EE5EB693F}.Debug|Any CPU.ActiveCfg = Debug|Any CPU
		{767C1834-657B-47C8-92A1-646EE5EB693F}.Debug|Any CPU.Build.0 = Debug|Any CPU
		{767C1834-657B-47C8-92A1-646EE5EB693F}.Release|Any CPU.ActiveCfg = Release|Any CPU
		{767C1834-657B-47C8-92A1-646EE5EB693F}.Release|Any CPU.Build.0 = Release|Any CPU
		{54BF9491-D434-49BF-81AF-8621C8D6610D}.Debug|Any CPU.ActiveCfg = Debug|Any CPU
		{54BF9491-D434-49BF-81AF-8621C8D6610D}.Debug|Any CPU.Build.0 = Debug|Any CPU
		{54BF9491-D434-49BF-81AF-8621C8D6610D}.Release|Any CPU.ActiveCfg = Release|Any CPU
		{54BF9491-D434-49BF-81AF-8621C8D6610D}.Release|Any CPU.Build.0 = Release|Any CPU
		{5EF98895-3A19-428C-B91F-7EAF2FCD49F4}.Debug|Any CPU.ActiveCfg = Debug|Any CPU
		{5EF98895-3A19-428C-B91F-7EAF2FCD49F4}.Debug|Any CPU.Build.0 = Debug|Any CPU
		{5EF98895-3A19-428C-B91F-7EAF2FCD49F4}.Release|Any CPU.ActiveCfg = Release|Any CPU
		{5EF98895-3A19-428C-B91F-7EAF2FCD49F4}.Release|Any CPU.Build.0 = Release|Any CPU
		{AC51BBA3-4182-4F47-81D2-045299CC5819}.Debug|Any CPU.ActiveCfg = Debug|Any CPU
		{AC51BBA3-4182-4F47-81D2-045299CC5819}.Debug|Any CPU.Build.0 = Debug|Any CPU
		{AC51BBA3-4182-4F47-81D2-045299CC5819}.Release|Any CPU.ActiveCfg = Release|Any CPU
		{AC51BBA3-4182-4F47-81D2-045299CC5819}.Release|Any CPU.Build.0 = Release|Any CPU
		{8EC81A0B-AF9A-0692-CFEF-564CB2C7C380}.Debug|Any CPU.ActiveCfg = Debug|Any CPU
		{8EC81A0B-AF9A-0692-CFEF-564CB2C7C380}.Debug|Any CPU.Build.0 = Debug|Any CPU
		{8EC81A0B-AF9A-0692-CFEF-564CB2C7C380}.Release|Any CPU.ActiveCfg = Release|Any CPU
		{8EC81A0B-AF9A-0692-CFEF-564CB2C7C380}.Release|Any CPU.Build.0 = Release|Any CPU
		{258B3F80-0F70-3630-4E66-B4BD4407CEB6}.Debug|Any CPU.ActiveCfg = Debug|Any CPU
		{258B3F80-0F70-3630-4E66-B4BD4407CEB6}.Debug|Any CPU.Build.0 = Debug|Any CPU
		{258B3F80-0F70-3630-4E66-B4BD4407CEB6}.Release|Any CPU.ActiveCfg = Release|Any CPU
		{258B3F80-0F70-3630-4E66-B4BD4407CEB6}.Release|Any CPU.Build.0 = Release|Any CPU
		{690A6BB6-C06E-4098-9913-09DB9CEF7553}.Debug|Any CPU.ActiveCfg = Debug|Any CPU
		{690A6BB6-C06E-4098-9913-09DB9CEF7553}.Debug|Any CPU.Build.0 = Debug|Any CPU
		{690A6BB6-C06E-4098-9913-09DB9CEF7553}.Release|Any CPU.ActiveCfg = Release|Any CPU
		{690A6BB6-C06E-4098-9913-09DB9CEF7553}.Release|Any CPU.Build.0 = Release|Any CPU
		{47A9AF2D-159D-4A5C-A047-F4BCE35FCF99}.Debug|Any CPU.ActiveCfg = Debug|Any CPU
		{47A9AF2D-159D-4A5C-A047-F4BCE35FCF99}.Debug|Any CPU.Build.0 = Debug|Any CPU
		{47A9AF2D-159D-4A5C-A047-F4BCE35FCF99}.Release|Any CPU.ActiveCfg = Release|Any CPU
		{47A9AF2D-159D-4A5C-A047-F4BCE35FCF99}.Release|Any CPU.Build.0 = Release|Any CPU
		{F14BF994-BBC1-4391-83E9-CFA37C6FBCE1}.Debug|Any CPU.ActiveCfg = Debug|Any CPU
		{F14BF994-BBC1-4391-83E9-CFA37C6FBCE1}.Debug|Any CPU.Build.0 = Debug|Any CPU
		{F14BF994-BBC1-4391-83E9-CFA37C6FBCE1}.Release|Any CPU.ActiveCfg = Release|Any CPU
		{F14BF994-BBC1-4391-83E9-CFA37C6FBCE1}.Release|Any CPU.Build.0 = Release|Any CPU
		{9CB233A6-A313-4D18-8295-33805C346EB3}.Debug|Any CPU.ActiveCfg = Debug|Any CPU
		{9CB233A6-A313-4D18-8295-33805C346EB3}.Debug|Any CPU.Build.0 = Debug|Any CPU
		{9CB233A6-A313-4D18-8295-33805C346EB3}.Release|Any CPU.ActiveCfg = Release|Any CPU
		{9CB233A6-A313-4D18-8295-33805C346EB3}.Release|Any CPU.Build.0 = Release|Any CPU
		{AE9C314D-BD34-4399-453D-99540BF397F3}.Debug|Any CPU.ActiveCfg = Debug|Any CPU
		{AE9C314D-BD34-4399-453D-99540BF397F3}.Debug|Any CPU.Build.0 = Debug|Any CPU
		{AE9C314D-BD34-4399-453D-99540BF397F3}.Release|Any CPU.ActiveCfg = Release|Any CPU
		{AE9C314D-BD34-4399-453D-99540BF397F3}.Release|Any CPU.Build.0 = Release|Any CPU
		{2BA1A997-3B8F-46BE-882B-5A4829EED3E6}.Debug|Any CPU.ActiveCfg = Debug|Any CPU
		{2BA1A997-3B8F-46BE-882B-5A4829EED3E6}.Debug|Any CPU.Build.0 = Debug|Any CPU
		{2BA1A997-3B8F-46BE-882B-5A4829EED3E6}.Release|Any CPU.ActiveCfg = Release|Any CPU
		{2BA1A997-3B8F-46BE-882B-5A4829EED3E6}.Release|Any CPU.Build.0 = Release|Any CPU
		{221233EB-17E3-4886-A8FB-9954DBD5C250}.Debug|Any CPU.ActiveCfg = Debug|Any CPU
		{221233EB-17E3-4886-A8FB-9954DBD5C250}.Debug|Any CPU.Build.0 = Debug|Any CPU
		{221233EB-17E3-4886-A8FB-9954DBD5C250}.Release|Any CPU.ActiveCfg = Release|Any CPU
		{221233EB-17E3-4886-A8FB-9954DBD5C250}.Release|Any CPU.Build.0 = Release|Any CPU
		{17BEE125-54D3-416F-8279-1E811349C177}.Debug|Any CPU.ActiveCfg = Debug|Any CPU
		{17BEE125-54D3-416F-8279-1E811349C177}.Debug|Any CPU.Build.0 = Debug|Any CPU
		{17BEE125-54D3-416F-8279-1E811349C177}.Release|Any CPU.ActiveCfg = Release|Any CPU
		{17BEE125-54D3-416F-8279-1E811349C177}.Release|Any CPU.Build.0 = Release|Any CPU
		{16B8DC45-A397-44FB-A821-F523B4E983FC}.Debug|Any CPU.ActiveCfg = Debug|Any CPU
		{16B8DC45-A397-44FB-A821-F523B4E983FC}.Debug|Any CPU.Build.0 = Debug|Any CPU
		{16B8DC45-A397-44FB-A821-F523B4E983FC}.Release|Any CPU.ActiveCfg = Release|Any CPU
		{16B8DC45-A397-44FB-A821-F523B4E983FC}.Release|Any CPU.Build.0 = Release|Any CPU
		{0B61219D-DE9C-44C4-8FF9-4E9644D2B5AC}.Debug|Any CPU.ActiveCfg = Debug|Any CPU
		{0B61219D-DE9C-44C4-8FF9-4E9644D2B5AC}.Debug|Any CPU.Build.0 = Debug|Any CPU
		{0B61219D-DE9C-44C4-8FF9-4E9644D2B5AC}.Release|Any CPU.ActiveCfg = Release|Any CPU
		{0B61219D-DE9C-44C4-8FF9-4E9644D2B5AC}.Release|Any CPU.Build.0 = Release|Any CPU
		{263B9585-B59E-2541-309D-CAAC41EAE71E}.Debug|Any CPU.ActiveCfg = Debug|Any CPU
		{263B9585-B59E-2541-309D-CAAC41EAE71E}.Debug|Any CPU.Build.0 = Debug|Any CPU
		{263B9585-B59E-2541-309D-CAAC41EAE71E}.Release|Any CPU.ActiveCfg = Release|Any CPU
		{263B9585-B59E-2541-309D-CAAC41EAE71E}.Release|Any CPU.Build.0 = Release|Any CPU
		{341BD225-2E3E-9610-E4F1-E24D1CB7451D}.Debug|Any CPU.ActiveCfg = Debug|Any CPU
		{341BD225-2E3E-9610-E4F1-E24D1CB7451D}.Debug|Any CPU.Build.0 = Debug|Any CPU
		{341BD225-2E3E-9610-E4F1-E24D1CB7451D}.Release|Any CPU.ActiveCfg = Release|Any CPU
		{341BD225-2E3E-9610-E4F1-E24D1CB7451D}.Release|Any CPU.Build.0 = Release|Any CPU
		{D8A4A9C7-38C5-4A05-83F7-DF88D682DDA7}.Debug|Any CPU.ActiveCfg = Debug|Any CPU
		{D8A4A9C7-38C5-4A05-83F7-DF88D682DDA7}.Debug|Any CPU.Build.0 = Debug|Any CPU
		{D8A4A9C7-38C5-4A05-83F7-DF88D682DDA7}.Release|Any CPU.ActiveCfg = Release|Any CPU
		{D8A4A9C7-38C5-4A05-83F7-DF88D682DDA7}.Release|Any CPU.Build.0 = Release|Any CPU
	EndGlobalSection
	GlobalSection(SolutionProperties) = preSolution
		HideSolutionNode = FALSE
	EndGlobalSection
	GlobalSection(NestedProjects) = preSolution
		{B6405563-C115-4C25-8CBA-7EC9C3B8AC95} = {B0C6C72D-97AA-49B3-8392-611DD7BB8133}
		{767C1834-657B-47C8-92A1-646EE5EB693F} = {B0C6C72D-97AA-49B3-8392-611DD7BB8133}
		{54BF9491-D434-49BF-81AF-8621C8D6610D} = {B0C6C72D-97AA-49B3-8392-611DD7BB8133}
		{5EF98895-3A19-428C-B91F-7EAF2FCD49F4} = {B0C6C72D-97AA-49B3-8392-611DD7BB8133}
		{AC51BBA3-4182-4F47-81D2-045299CC5819} = {B0C6C72D-97AA-49B3-8392-611DD7BB8133}
		{8EC81A0B-AF9A-0692-CFEF-564CB2C7C380} = {A0770D77-E3E3-4521-8438-9DCBBC707787}
		{258B3F80-0F70-3630-4E66-B4BD4407CEB6} = {F793F8FF-3812-4FEA-BA2C-8BF2D2D112C3}
		{021A123C-5242-4A26-A499-1A867B2A243F} = {02EA681E-C7D8-13C7-8484-4AC65E1B71E8}
		{690A6BB6-C06E-4098-9913-09DB9CEF7553} = {A0770D77-E3E3-4521-8438-9DCBBC707787}
		{47A9AF2D-159D-4A5C-A047-F4BCE35FCF99} = {A0770D77-E3E3-4521-8438-9DCBBC707787}
		{F14BF994-BBC1-4391-83E9-CFA37C6FBCE1} = {A0770D77-E3E3-4521-8438-9DCBBC707787}
		{9CB233A6-A313-4D18-8295-33805C346EB3} = {A0770D77-E3E3-4521-8438-9DCBBC707787}
		{AE9C314D-BD34-4399-453D-99540BF397F3} = {B0C6C72D-97AA-49B3-8392-611DD7BB8133}
		{2BA1A997-3B8F-46BE-882B-5A4829EED3E6} = {A0770D77-E3E3-4521-8438-9DCBBC707787}
		{221233EB-17E3-4886-A8FB-9954DBD5C250} = {A0770D77-E3E3-4521-8438-9DCBBC707787}
		{17BEE125-54D3-416F-8279-1E811349C177} = {F793F8FF-3812-4FEA-BA2C-8BF2D2D112C3}
		{16B8DC45-A397-44FB-A821-F523B4E983FC} = {F793F8FF-3812-4FEA-BA2C-8BF2D2D112C3}
		{0B61219D-DE9C-44C4-8FF9-4E9644D2B5AC} = {5AC43109-C4CD-4426-B7C2-87D153DD2F7E}
		{263B9585-B59E-2541-309D-CAAC41EAE71E} = {5AC43109-C4CD-4426-B7C2-87D153DD2F7E}
		{341BD225-2E3E-9610-E4F1-E24D1CB7451D} = {A0770D77-E3E3-4521-8438-9DCBBC707787}
		{D8A4A9C7-38C5-4A05-83F7-DF88D682DDA7} = {A0770D77-E3E3-4521-8438-9DCBBC707787}
	EndGlobalSection
	GlobalSection(ExtensibilityGlobals) = postSolution
		SolutionGuid = {2F315C1D-A801-428C-93C3-CD98FD416A00}
	EndGlobalSection
EndGlobal
